
Microsoft Visual Studio Solution File, Format Version 12.00
# Visual Studio 2012
Project("{FAE04EC0-301F-11D3-BF4B-00C04F79EFBC}") = "Alt.Composition.Web.Mvc", "src\Alt.Composition.Web.Mvc\Alt.Composition.Web.Mvc.csproj", "{DCA35186-2B8A-4DFF-8DD3-529F08C19113}"
EndProject
Project("{FAE04EC0-301F-11D3-BF4B-00C04F79EFBC}") = "Alt.Composition.Settings", "src\Alt.Composition.Settings\Alt.Composition.Settings.csproj", "{55458404-D74F-4576-AD9C-57B9F40884A5}"
EndProject
Project("{FAE04EC0-301F-11D3-BF4B-00C04F79EFBC}") = "Alt.Composition.Web.Http", "src\Alt.Composition.Web.Http\Alt.Composition.Web.Http.csproj", "{3EEF0166-96C9-41FD-ACC9-EAA98A2F7165}"
EndProject
Project("{FAE04EC0-301F-11D3-BF4B-00C04F79EFBC}") = "Alt.Composition.Extended", "src\Alt.Composition.Extended\Alt.Composition.Extended.csproj", "{DE12F468-DF9D-488B-99C4-DDBB6223F483}"
EndProject
Project("{FAE04EC0-301F-11D3-BF4B-00C04F79EFBC}") = "Alt.Composition.Web", "src\Alt.Composition.Web\Alt.Composition.Web.csproj", "{A9CF79A9-1BB0-419D-BE6F-4679BE4B1A6A}"
EndProject
Project("{2150E333-8FDC-42A3-9474-1A3956D46DE8}") = "Solution Items", "Solution Items", "{83195991-A23D-4FDD-A030-A47F08D8C865}"
	ProjectSection(SolutionItems) = preProject
		.gitignore = .gitignore
	EndProjectSection
EndProject
Global
	GlobalSection(SolutionConfigurationPlatforms) = preSolution
		Debug|Any CPU = Debug|Any CPU
		Release|Any CPU = Release|Any CPU
	EndGlobalSection
	GlobalSection(ProjectConfigurationPlatforms) = postSolution
		{DCA35186-2B8A-4DFF-8DD3-529F08C19113}.Debug|Any CPU.ActiveCfg = Debug|Any CPU
		{DCA35186-2B8A-4DFF-8DD3-529F08C19113}.Debug|Any CPU.Build.0 = Debug|Any CPU
		{DCA35186-2B8A-4DFF-8DD3-529F08C19113}.Release|Any CPU.ActiveCfg = Release|Any CPU
		{DCA35186-2B8A-4DFF-8DD3-529F08C19113}.Release|Any CPU.Build.0 = Release|Any CPU
		{55458404-D74F-4576-AD9C-57B9F40884A5}.Debug|Any CPU.ActiveCfg = Debug|Any CPU
		{55458404-D74F-4576-AD9C-57B9F40884A5}.Debug|Any CPU.Build.0 = Debug|Any CPU
		{55458404-D74F-4576-AD9C-57B9F40884A5}.Release|Any CPU.ActiveCfg = Release|Any CPU
		{55458404-D74F-4576-AD9C-57B9F40884A5}.Release|Any CPU.Build.0 = Release|Any CPU
		{3EEF0166-96C9-41FD-ACC9-EAA98A2F7165}.Debug|Any CPU.ActiveCfg = Debug|Any CPU
		{3EEF0166-96C9-41FD-ACC9-EAA98A2F7165}.Debug|Any CPU.Build.0 = Debug|Any CPU
		{3EEF0166-96C9-41FD-ACC9-EAA98A2F7165}.Release|Any CPU.ActiveCfg = Release|Any CPU
		{3EEF0166-96C9-41FD-ACC9-EAA98A2F7165}.Release|Any CPU.Build.0 = Release|Any CPU
		{DE12F468-DF9D-488B-99C4-DDBB6223F483}.Debug|Any CPU.ActiveCfg = Debug|Any CPU
		{DE12F468-DF9D-488B-99C4-DDBB6223F483}.Debug|Any CPU.Build.0 = Debug|Any CPU
		{DE12F468-DF9D-488B-99C4-DDBB6223F483}.Release|Any CPU.ActiveCfg = Release|Any CPU
		{DE12F468-DF9D-488B-99C4-DDBB6223F483}.Release|Any CPU.Build.0 = Release|Any CPU
		{A9CF79A9-1BB0-419D-BE6F-4679BE4B1A6A}.Debug|Any CPU.ActiveCfg = Debug|Any CPU
		{A9CF79A9-1BB0-419D-BE6F-4679BE4B1A6A}.Debug|Any CPU.Build.0 = Debug|Any CPU
		{A9CF79A9-1BB0-419D-BE6F-4679BE4B1A6A}.Release|Any CPU.ActiveCfg = Release|Any CPU
		{A9CF79A9-1BB0-419D-BE6F-4679BE4B1A6A}.Release|Any CPU.Build.0 = Release|Any CPU
	EndGlobalSection
	GlobalSection(SolutionProperties) = preSolution
		HideSolutionNode = FALSE
	EndGlobalSection
EndGlobal
